
Microsoft Visual Studio Solution File, Format Version 12.00
# Visual Studio Version 16
VisualStudioVersion = 16.0.30114.105
MinimumVisualStudioVersion = 10.0.40219.1
Project("{9A19103F-16F7-4668-BE54-9A1E7A4F7556}") = "Eugalp", "Eugalp\Eugalp.csproj", "{46086CF9-14BE-405D-85A4-7C06C15B1E28}"
EndProject
Project("{9A19103F-16F7-4668-BE54-9A1E7A4F7556}") = "Logic", "..\..\Logic\Logic\Logic.csproj", "{6BF462C4-002D-4138-B82A-D9DEDA9D270E}"
EndProject
Project("{9A19103F-16F7-4668-BE54-9A1E7A4F7556}") = "DAL", "..\..\DAL\DAL\DAL\DAL.csproj", "{F878B815-ABA1-43DA-BCDF-6C783191C010}"
EndProject
Project("{FAE04EC0-301F-11D3-BF4B-00C04F79EFBC}") = "LogicTests1", "..\..\Logic\LogicTests1\LogicTests1.csproj", "{07B031A4-9492-40E5-A075-F2974825790C}"
EndProject
Global
	GlobalSection(SolutionConfigurationPlatforms) = preSolution
		Debug|Any CPU = Debug|Any CPU
		Release|Any CPU = Release|Any CPU
	EndGlobalSection
	GlobalSection(ProjectConfigurationPlatforms) = postSolution
		{46086CF9-14BE-405D-85A4-7C06C15B1E28}.Debug|Any CPU.ActiveCfg = Debug|Any CPU
		{46086CF9-14BE-405D-85A4-7C06C15B1E28}.Debug|Any CPU.Build.0 = Debug|Any CPU
		{46086CF9-14BE-405D-85A4-7C06C15B1E28}.Release|Any CPU.ActiveCfg = Release|Any CPU
		{46086CF9-14BE-405D-85A4-7C06C15B1E28}.Release|Any CPU.Build.0 = Release|Any CPU
		{6BF462C4-002D-4138-B82A-D9DEDA9D270E}.Debug|Any CPU.ActiveCfg = Debug|Any CPU
		{6BF462C4-002D-4138-B82A-D9DEDA9D270E}.Debug|Any CPU.Build.0 = Debug|Any CPU
		{6BF462C4-002D-4138-B82A-D9DEDA9D270E}.Release|Any CPU.ActiveCfg = Release|Any CPU
		{6BF462C4-002D-4138-B82A-D9DEDA9D270E}.Release|Any CPU.Build.0 = Release|Any CPU
		{F878B815-ABA1-43DA-BCDF-6C783191C010}.Debug|Any CPU.ActiveCfg = Debug|Any CPU
		{F878B815-ABA1-43DA-BCDF-6C783191C010}.Debug|Any CPU.Build.0 = Debug|Any CPU
		{F878B815-ABA1-43DA-BCDF-6C783191C010}.Release|Any CPU.ActiveCfg = Release|Any CPU
		{F878B815-ABA1-43DA-BCDF-6C783191C010}.Release|Any CPU.Build.0 = Release|Any CPU
		{07B031A4-9492-40E5-A075-F2974825790C}.Debug|Any CPU.ActiveCfg = Debug|Any CPU
		{07B031A4-9492-40E5-A075-F2974825790C}.Debug|Any CPU.Build.0 = Debug|Any CPU
		{07B031A4-9492-40E5-A075-F2974825790C}.Release|Any CPU.ActiveCfg = Release|Any CPU
		{07B031A4-9492-40E5-A075-F2974825790C}.Release|Any CPU.Build.0 = Release|Any CPU
	EndGlobalSection
	GlobalSection(SolutionProperties) = preSolution
		HideSolutionNode = FALSE
	EndGlobalSection
	GlobalSection(ExtensibilityGlobals) = postSolution
		SolutionGuid = {59D86A56-2F1A-411A-A221-F20B4AE60FAC}
	EndGlobalSection
EndGlobal
